
Microsoft Visual Studio Solution File, Format Version 12.00
# Visual Studio Version 17
VisualStudioVersion = 17.0.31903.59
MinimumVisualStudioVersion = 10.0.40219.1
Project("{FAE04EC0-301F-11D3-BF4B-00C04F79EFBC}") = "ChromaLink.Reader", "ChromaLink.Reader\ChromaLink.Reader.csproj", "{29A9C331-8A85-4CF1-8F83-EA25BB51D3A1}"
EndProject
Project("{FAE04EC0-301F-11D3-BF4B-00C04F79EFBC}") = "ChromaLink.Cli", "ChromaLink.Cli\ChromaLink.Cli.csproj", "{20B278E5-CA8B-4C60-A557-2240FF3AC6BA}"
EndProject
Project("{FAE04EC0-301F-11D3-BF4B-00C04F79EFBC}") = "ChromaLink.Tests", "ChromaLink.Tests\ChromaLink.Tests.csproj", "{FBA2B9D7-0188-4D18-8F50-FE83E0354A13}"
EndProject
Project("{FAE04EC0-301F-11D3-BF4B-00C04F79EFBC}") = "ChromaLink.Inspector", "ChromaLink.Inspector\ChromaLink.Inspector.csproj", "{5DF7BB7D-8A58-44A6-9C26-52F7E8A8CC6D}"
EndProject
Project("{FAE04EC0-301F-11D3-BF4B-00C04F79EFBC}") = "ChromaLink.Monitor", "ChromaLink.Monitor\ChromaLink.Monitor.csproj", "{E8A8C9C0-6D43-4B3A-8D93-72A7AE4F3A90}"
EndProject
Project("{FAE04EC0-301F-11D3-BF4B-00C04F79EFBC}") = "ChromaLink.HttpBridge", "ChromaLink.HttpBridge\ChromaLink.HttpBridge.csproj", "{C8D0F82D-EB67-4E44-9E8E-3A93F0E4A5A5}"
EndProject
Global
  GlobalSection(SolutionConfigurationPlatforms) = preSolution
    Debug|Any CPU = Debug|Any CPU
    Release|Any CPU = Release|Any CPU
  EndGlobalSection
  GlobalSection(ProjectConfigurationPlatforms) = postSolution
    {29A9C331-8A85-4CF1-8F83-EA25BB51D3A1}.Debug|Any CPU.ActiveCfg = Debug|Any CPU
    {29A9C331-8A85-4CF1-8F83-EA25BB51D3A1}.Debug|Any CPU.Build.0 = Debug|Any CPU
    {29A9C331-8A85-4CF1-8F83-EA25BB51D3A1}.Release|Any CPU.ActiveCfg = Release|Any CPU
    {29A9C331-8A85-4CF1-8F83-EA25BB51D3A1}.Release|Any CPU.Build.0 = Release|Any CPU
    {20B278E5-CA8B-4C60-A557-2240FF3AC6BA}.Debug|Any CPU.ActiveCfg = Debug|Any CPU
    {20B278E5-CA8B-4C60-A557-2240FF3AC6BA}.Debug|Any CPU.Build.0 = Debug|Any CPU
    {20B278E5-CA8B-4C60-A557-2240FF3AC6BA}.Release|Any CPU.ActiveCfg = Release|Any CPU
    {20B278E5-CA8B-4C60-A557-2240FF3AC6BA}.Release|Any CPU.Build.0 = Release|Any CPU
    {FBA2B9D7-0188-4D18-8F50-FE83E0354A13}.Debug|Any CPU.ActiveCfg = Debug|Any CPU
    {FBA2B9D7-0188-4D18-8F50-FE83E0354A13}.Debug|Any CPU.Build.0 = Debug|Any CPU
    {FBA2B9D7-0188-4D18-8F50-FE83E0354A13}.Release|Any CPU.ActiveCfg = Release|Any CPU
    {FBA2B9D7-0188-4D18-8F50-FE83E0354A13}.Release|Any CPU.Build.0 = Release|Any CPU
    {5DF7BB7D-8A58-44A6-9C26-52F7E8A8CC6D}.Debug|Any CPU.ActiveCfg = Debug|Any CPU
    {5DF7BB7D-8A58-44A6-9C26-52F7E8A8CC6D}.Debug|Any CPU.Build.0 = Debug|Any CPU
    {5DF7BB7D-8A58-44A6-9C26-52F7E8A8CC6D}.Release|Any CPU.ActiveCfg = Release|Any CPU
    {5DF7BB7D-8A58-44A6-9C26-52F7E8A8CC6D}.Release|Any CPU.Build.0 = Release|Any CPU
    {E8A8C9C0-6D43-4B3A-8D93-72A7AE4F3A90}.Debug|Any CPU.ActiveCfg = Debug|Any CPU
    {E8A8C9C0-6D43-4B3A-8D93-72A7AE4F3A90}.Debug|Any CPU.Build.0 = Debug|Any CPU
    {E8A8C9C0-6D43-4B3A-8D93-72A7AE4F3A90}.Release|Any CPU.ActiveCfg = Release|Any CPU
    {E8A8C9C0-6D43-4B3A-8D93-72A7AE4F3A90}.Release|Any CPU.Build.0 = Release|Any CPU
    {C8D0F82D-EB67-4E44-9E8E-3A93F0E4A5A5}.Debug|Any CPU.ActiveCfg = Debug|Any CPU
    {C8D0F82D-EB67-4E44-9E8E-3A93F0E4A5A5}.Debug|Any CPU.Build.0 = Debug|Any CPU
    {C8D0F82D-EB67-4E44-9E8E-3A93F0E4A5A5}.Release|Any CPU.ActiveCfg = Release|Any CPU
    {C8D0F82D-EB67-4E44-9E8E-3A93F0E4A5A5}.Release|Any CPU.Build.0 = Release|Any CPU
  EndGlobalSection
  GlobalSection(SolutionProperties) = preSolution
    HideSolutionNode = FALSE
  EndGlobalSection
EndGlobal
